# Generated by pub
# See http://pub.dartlang.org/doc/glossary.html#lockfile
packages:
  args:
    description: args
    source: hosted
    version: "0.13.2"
  args_helper:
    description: args_helper
    source: hosted
    version: "0.0.11"
  barback:
    description: barback
    source: hosted
    version: "0.15.2+4"
  build_tools:
    description: build_tools
    source: hosted
    version: "0.0.15"
  collection:
    description: collection
    source: hosted
    version: "1.1.1"
  file_utils:
    description: file_utils
    source: hosted
    version: "0.0.23"
  globbing:
    description: globbing
    source: hosted
    version: "0.1.20"
  lists:
    description: lists
    source: hosted
    version: "0.0.21"
  logging:
    description: logging
    source: hosted
    version: "0.11.1"
  parser_error:
    description: parser_error
    source: hosted
    version: "0.0.1"
  path:
    description: path
    source: hosted
    version: "1.3.6"
  patsubst:
    description: patsubst
    source: hosted
    version: "0.0.9"
  peg:
    description:
      path: "../peg"
      relative: true
    source: path
    version: "0.0.53"
  pool:
    description: pool
    source: hosted
    version: "1.1.0"
  source_span:
    description: source_span
    source: hosted
    version: "1.1.2"
  stack_trace:
    description: stack_trace
    source: hosted
    version: "1.3.4"
  string_scanner:
    description: string_scanner
    source: hosted
    version: "0.1.3+1"
  strings:
    description: strings
    source: hosted
    version: "0.0.6"
  template_block:
    description: template_block
    source: hosted
    version: "0.1.6"
  text:
    description: text
    source: hosted
    version: "0.0.7"
  unicode:
    description: unicode
    source: hosted
    version: "0.0.9"
  yaml:
    description: yaml
    source: hosted
    version: "2.1.3"
